{
  "lockfile-version": 1,
  "manifest": {
    "version": 1,
    "install": {
      "commitizen": {
        "pkg-path": "commitizen"
      },
      "pre-commit": {
        "pkg-path": "pre-commit"
      },
      "python313": {
        "pkg-path": "python313"
      },
      "uv": {
        "pkg-path": "uv"
      }
    },
    "hook": {},
    "profile": {},
    "options": {}
  },
  "packages": [
    {
      "attr_path": "commitizen",
      "broken": false,
      "derivation": "/nix/store/p3g92f0y4lk9q6wxdv8v4nvy7sf44s91-python3.13-commitizen-4.9.1.drv",
      "description": "Tool to create committing rules for projects, auto bump versions, and generate changelogs",
      "install_id": "commitizen",
      "license": "MIT",
      "locked_url": "https://github.com/flox/nixpkgs?rev=b3d51a0365f6695e7dd5cdf3e180604530ed33b4",
      "name": "python3.13-commitizen-4.9.1",
      "pname": "commitizen",
      "rev": "b3d51a0365f6695e7dd5cdf3e180604530ed33b4",
      "rev_count": 888552,
      "rev_date": "2025-11-02T19:18:41Z",
      "scrape_date": "2025-11-04T00:35:18.410762Z",
      "stabilities": [
        "unstable"
      ],
      "unfree": false,
      "version": "4.9.1",
      "outputs_to_install": [
        "out"
      ],
      "outputs": {
        "dist": "/nix/store/gjasq3h0mc071ipx645wwpwp2d7d3dw9-python3.13-commitizen-4.9.1-dist",
        "out": "/nix/store/1g4126iiq20ry5qb8zanwzl1dd8vs8jn-python3.13-commitizen-4.9.1"
      },
      "system": "aarch64-darwin",
      "group": "toplevel",
      "priority": 5
    },
    {
      "attr_path": "commitizen",
      "broken": false,
      "derivation": "/nix/store/206x7w5613cq713a1ynzrm41ial23bl4-python3.13-commitizen-4.9.1.drv",
      "description": "Tool to create committing rules for projects, auto bump versions, and generate changelogs",
      "install_id": "commitizen",
      "license": "MIT",
      "locked_url": "https://github.com/flox/nixpkgs?rev=b3d51a0365f6695e7dd5cdf3e180604530ed33b4",
      "name": "python3.13-commitizen-4.9.1",
      "pname": "commitizen",
      "rev": "b3d51a0365f6695e7dd5cdf3e180604530ed33b4",
      "rev_count": 888552,
      "rev_date": "2025-11-02T19:18:41Z",
      "scrape_date": "2025-11-05T16:28:57.728563Z",
      "stabilities": [
        "unstable"
      ],
      "unfree": false,
      "version": "4.9.1",
      "outputs_to_install": [
        "out"
      ],
      "outputs": {
        "dist": "/nix/store/a0cg6x2ghr9p462b6wymywazjgi8zibz-python3.13-commitizen-4.9.1-dist",
        "out": "/nix/store/yzy658x2y0b23kn6q9gfj5dpybw8gcfi-python3.13-commitizen-4.9.1"
      },
      "system": "aarch64-linux",
      "group": "toplevel",
      "priority": 5
    },
    {
      "attr_path": "commitizen",
      "broken": false,
      "derivation": "/nix/store/5d0lj9grizsmybix7f73fhyy35746w7w-python3.13-commitizen-4.9.1.drv",
      "description": "Tool to create committing rules for projects, auto bump versions, and generate changelogs",
      "install_id": "commitizen",
      "license": "MIT",
      "locked_url": "https://github.com/flox/nixpkgs?rev=b3d51a0365f6695e7dd5cdf3e180604530ed33b4",
      "name": "python3.13-commitizen-4.9.1",
      "pname": "commitizen",
      "rev": "b3d51a0365f6695e7dd5cdf3e180604530ed33b4",
      "rev_count": 888552,
      "rev_date": "2025-11-02T19:18:41Z",
      "scrape_date": "2025-11-05T16:54:57.457594Z",
      "stabilities": [
        "unstable"
      ],
      "unfree": false,
      "version": "4.9.1",
      "outputs_to_install": [
        "out"
      ],
      "outputs": {
        "dist": "/nix/store/sak130ybdp0j2m8irapnrc6ccz20flhn-python3.13-commitizen-4.9.1-dist",
        "out": "/nix/store/lq2c1qlhwjc5m4vainmd9lk3vb30rxs1-python3.13-commitizen-4.9.1"
      },
      "system": "x86_64-darwin",
      "group": "toplevel",
      "priority": 5
    },
    {
      "attr_path": "commitizen",
      "broken": false,
      "derivation": "/nix/store/mmdk2d8mz36y85b4mzn9hzllyyngi2hq-python3.13-commitizen-4.9.1.drv",
      "description": "Tool to create committing rules for projects, auto bump versions, and generate changelogs",
      "install_id": "commitizen",
      "license": "MIT",
      "locked_url": "https://github.com/flox/nixpkgs?rev=b3d51a0365f6695e7dd5cdf3e180604530ed33b4",
      "name": "python3.13-commitizen-4.9.1",
      "pname": "commitizen",
      "rev": "b3d51a0365f6695e7dd5cdf3e180604530ed33b4",
      "rev_count": 888552,
      "rev_date": "2025-11-02T19:18:41Z",
      "scrape_date": "2025-11-05T17:20:47.041403Z",
      "stabilities": [
        "unstable"
      ],
      "unfree": false,
      "version": "4.9.1",
      "outputs_to_install": [
        "out"
      ],
      "outputs": {
        "dist": "/nix/store/9v64vidxaaffrgpnzi10wfx4ci74zafk-python3.13-commitizen-4.9.1-dist",
        "out": "/nix/store/bsv4czd5ymc3vmp5xg9xscinhpi479wr-python3.13-commitizen-4.9.1"
      },
      "system": "x86_64-linux",
      "group": "toplevel",
      "priority": 5
    },
    {
      "attr_path": "pre-commit",
      "broken": false,
      "derivation": "/nix/store/9fdpr0qgiibz2r0q7wskg9fvyd8hvn2m-pre-commit-4.3.0.drv",
      "description": "Framework for managing and maintaining multi-language pre-commit hooks",
      "install_id": "pre-commit",
      "license": "MIT",
      "locked_url": "https://github.com/flox/nixpkgs?rev=b3d51a0365f6695e7dd5cdf3e180604530ed33b4",
      "name": "pre-commit-4.3.0",
      "pname": "pre-commit",
      "rev": "b3d51a0365f6695e7dd5cdf3e180604530ed33b4",
      "rev_count": 888552,
      "rev_date": "2025-11-02T19:18:41Z",
      "scrape_date": "2025-11-04T00:35:56.097311Z",
      "stabilities": [
        "unstable"
      ],
      "unfree": false,
      "version": "4.3.0",
      "outputs_to_install": [
        "out"
      ],
      "outputs": {
        "dist": "/nix/store/2da0ih90r5dqsxgbwyf7y4cy49bsycds-pre-commit-4.3.0-dist",
        "out": "/nix/store/ybm1c3dsh5p5d2hlz9vk7a2m2liilmwa-pre-commit-4.3.0"
      },
      "system": "aarch64-darwin",
      "group": "toplevel",
      "priority": 5
    },
    {
      "attr_path": "pre-commit",
      "broken": false,
      "derivation": "/nix/store/dy8fdj12kyjhg3nzzxkv18mhickxxjf9-pre-commit-4.3.0.drv",
      "description": "Framework for managing and maintaining multi-language pre-commit hooks",
      "install_id": "pre-commit",
      "license": "MIT",
      "locked_url": "https://github.com/flox/nixpkgs?rev=b3d51a0365f6695e7dd5cdf3e180604530ed33b4",
      "name": "pre-commit-4.3.0",
      "pname": "pre-commit",
      "rev": "b3d51a0365f6695e7dd5cdf3e180604530ed33b4",
      "rev_count": 888552,
      "rev_date": "2025-11-02T19:18:41Z",
      "scrape_date": "2025-11-05T16:29:58.051072Z",
      "stabilities": [
        "unstable"
      ],
      "unfree": false,
      "version": "4.3.0",
      "outputs_to_install": [
        "out"
      ],
      "outputs": {
        "dist": "/nix/store/141k4slj0hdc3mgkdsm7kxc2h70jk3r1-pre-commit-4.3.0-dist",
        "out": "/nix/store/gva2a0hsz8jxgj2abp6aa1zhmamcdd2k-pre-commit-4.3.0"
      },
      "system": "aarch64-linux",
      "group": "toplevel",
      "priority": 5
    },
    {
      "attr_path": "pre-commit",
      "broken": false,
      "derivation": "/nix/store/p47lqicchdnhrr7fmwa0zfhmb3r5gv13-pre-commit-4.3.0.drv",
      "description": "Framework for managing and maintaining multi-language pre-commit hooks",
      "install_id": "pre-commit",
      "license": "MIT",
      "locked_url": "https://github.com/flox/nixpkgs?rev=b3d51a0365f6695e7dd5cdf3e180604530ed33b4",
      "name": "pre-commit-4.3.0",
      "pname": "pre-commit",
      "rev": "b3d51a0365f6695e7dd5cdf3e180604530ed33b4",
      "rev_count": 888552,
      "rev_date": "2025-11-02T19:18:41Z",
      "scrape_date": "2025-11-05T16:55:35.696883Z",
      "stabilities": [
        "unstable"
      ],
      "unfree": false,
      "version": "4.3.0",
      "outputs_to_install": [
        "out"
      ],
      "outputs": {
        "dist": "/nix/store/4y8s3ad4j7fqgsdb21g4b8q28rs37qnw-pre-commit-4.3.0-dist",
        "out": "/nix/store/cxjhh74an2y4n7cvzyf77asa99r7333l-pre-commit-4.3.0"
      },
      "system": "x86_64-darwin",
      "group": "toplevel",
      "priority": 5
    },
    {
      "attr_path": "pre-commit",
      "broken": false,
      "derivation": "/nix/store/8v3jh80sh48m0dg6g636b7zni4s48820-pre-commit-4.3.0.drv",
      "description": "Framework for managing and maintaining multi-language pre-commit hooks",
      "install_id": "pre-commit",
      "license": "MIT",
      "locked_url": "https://github.com/flox/nixpkgs?rev=b3d51a0365f6695e7dd5cdf3e180604530ed33b4",
      "name": "pre-commit-4.3.0",
      "pname": "pre-commit",
      "rev": "b3d51a0365f6695e7dd5cdf3e180604530ed33b4",
      "rev_count": 888552,
      "rev_date": "2025-11-02T19:18:41Z",
      "scrape_date": "2025-11-05T17:21:52.834505Z",
      "stabilities": [
        "unstable"
      ],
      "unfree": false,
      "version": "4.3.0",
      "outputs_to_install": [
        "out"
      ],
      "outputs": {
        "dist": "/nix/store/azb7sm6hipp1cjk0cjl35a9v00xaq4rk-pre-commit-4.3.0-dist",
        "out": "/nix/store/j1xrdcpd81zjz7ac5dd4q5c94mbkap9h-pre-commit-4.3.0"
      },
      "system": "x86_64-linux",
      "group": "toplevel",
      "priority": 5
    },
    {
      "attr_path": "python313",
      "broken": false,
      "derivation": "/nix/store/3myrb1pixxdm651xcsghs4p6syz0rx9i-python3-3.13.8.drv",
      "description": "High-level dynamically-typed programming language",
      "install_id": "python313",
      "license": "Python-2.0",
      "locked_url": "https://github.com/flox/nixpkgs?rev=b3d51a0365f6695e7dd5cdf3e180604530ed33b4",
      "name": "python3-3.13.8",
      "pname": "python313",
      "rev": "b3d51a0365f6695e7dd5cdf3e180604530ed33b4",
      "rev_count": 888552,
      "rev_date": "2025-11-02T19:18:41Z",
      "scrape_date": "2025-11-04T00:36:17.052432Z",
      "stabilities": [
        "unstable"
      ],
      "unfree": false,
      "version": "python3-3.13.8",
      "outputs_to_install": [
        "out"
      ],
      "outputs": {
        "out": "/nix/store/s7ik6dazn4nd2jdg9l36qf5q0z18sjyk-python3-3.13.8"
      },
      "system": "aarch64-darwin",
      "group": "toplevel",
      "priority": 5
    },
    {
      "attr_path": "python313",
      "broken": false,
      "derivation": "/nix/store/4sjw3f3s8nf705jpcvvsh3ibpicqj8cb-python3-3.13.8.drv",
      "description": "High-level dynamically-typed programming language",
      "install_id": "python313",
      "license": "Python-2.0",
      "locked_url": "https://github.com/flox/nixpkgs?rev=b3d51a0365f6695e7dd5cdf3e180604530ed33b4",
      "name": "python3-3.13.8",
      "pname": "python313",
      "rev": "b3d51a0365f6695e7dd5cdf3e180604530ed33b4",
      "rev_count": 888552,
      "rev_date": "2025-11-02T19:18:41Z",
      "scrape_date": "2025-11-05T16:30:24.631985Z",
      "stabilities": [
        "unstable"
      ],
      "unfree": false,
      "version": "python3-3.13.8",
      "outputs_to_install": [
        "out"
      ],
      "outputs": {
        "debug": "/nix/store/53m4xy9yaar25rc2g85fb3qvjxnwfhq5-python3-3.13.8-debug",
        "out": "/nix/store/m0b67b3lmjcxa8aplpl75qpb26gr5vsf-python3-3.13.8"
      },
      "system": "aarch64-linux",
      "group": "toplevel",
      "priority": 5
    },
    {
      "attr_path": "python313",
      "broken": false,
      "derivation": "/nix/store/hgr3c3s4dq87qdzbyb0rqw2cz7yxnqgr-python3-3.13.8.drv",
      "description": "High-level dynamically-typed programming language",
      "install_id": "python313",
      "license": "Python-2.0",
      "locked_url": "https://github.com/flox/nixpkgs?rev=b3d51a0365f6695e7dd5cdf3e180604530ed33b4",
      "name": "python3-3.13.8",
      "pname": "python313",
      "rev": "b3d51a0365f6695e7dd5cdf3e180604530ed33b4",
      "rev_count": 888552,
      "rev_date": "2025-11-02T19:18:41Z",
      "scrape_date": "2025-11-05T16:55:55.012546Z",
      "stabilities": [
        "unstable"
      ],
      "unfree": false,
      "version": "python3-3.13.8",
      "outputs_to_install": [
        "out"
      ],
      "outputs": {
        "out": "/nix/store/ddvx7n1y63g4i9bg0bim3r4ick1cc8x9-python3-3.13.8"
      },
      "system": "x86_64-darwin",
      "group": "toplevel",
      "priority": 5
    },
    {
      "attr_path": "python313",
      "broken": false,
      "derivation": "/nix/store/nd0m36nc8xf05cdb9pi4jjyqsk1xzgxv-python3-3.13.8.drv",
      "description": "High-level dynamically-typed programming language",
      "install_id": "python313",
      "license": "Python-2.0",
      "locked_url": "https://github.com/flox/nixpkgs?rev=b3d51a0365f6695e7dd5cdf3e180604530ed33b4",
      "name": "python3-3.13.8",
      "pname": "python313",
      "rev": "b3d51a0365f6695e7dd5cdf3e180604530ed33b4",
      "rev_count": 888552,
      "rev_date": "2025-11-02T19:18:41Z",
      "scrape_date": "2025-11-05T17:22:21.705223Z",
      "stabilities": [
        "unstable"
      ],
      "unfree": false,
      "version": "python3-3.13.8",
      "outputs_to_install": [
        "out"
      ],
      "outputs": {
        "debug": "/nix/store/ckj4gnblikbb37gvydggaicw6f0kmcx3-python3-3.13.8-debug",
        "out": "/nix/store/cfapjd2rvqrpry4grb0kljnp8bvnvfxz-python3-3.13.8"
      },
      "system": "x86_64-linux",
      "group": "toplevel",
      "priority": 5
    },
    {
      "attr_path": "uv",
      "broken": false,
      "derivation": "/nix/store/gdwhs1agkjqcwvf2lp1819r37223myb7-uv-0.8.23.drv",
      "description": "Extremely fast Python package installer and resolver, written in Rust",
      "install_id": "uv",
      "license": "[ Apache-2.0, MIT ]",
      "locked_url": "https://github.com/flox/nixpkgs?rev=b3d51a0365f6695e7dd5cdf3e180604530ed33b4",
      "name": "uv-0.8.23",
      "pname": "uv",
      "rev": "b3d51a0365f6695e7dd5cdf3e180604530ed33b4",
      "rev_count": 888552,
      "rev_date": "2025-11-02T19:18:41Z",
      "scrape_date": "2025-11-04T00:37:39.426966Z",
      "stabilities": [
        "unstable"
      ],
      "unfree": false,
      "version": "0.8.23",
      "outputs_to_install": [
        "out"
      ],
      "outputs": {
        "out": "/nix/store/3q234qjj0cvdb8yjaiq64gk2q7r1nwcx-uv-0.8.23"
      },
      "system": "aarch64-darwin",
      "group": "toplevel",
      "priority": 5
    },
    {
      "attr_path": "uv",
      "broken": false,
      "derivation": "/nix/store/n2z9jrgjrzc7qwmkbz8gas7s64c2gnwh-uv-0.8.23.drv",
      "description": "Extremely fast Python package installer and resolver, written in Rust",
      "install_id": "uv",
      "license": "[ Apache-2.0, MIT ]",
      "locked_url": "https://github.com/flox/nixpkgs?rev=b3d51a0365f6695e7dd5cdf3e180604530ed33b4",
      "name": "uv-0.8.23",
      "pname": "uv",
      "rev": "b3d51a0365f6695e7dd5cdf3e180604530ed33b4",
      "rev_count": 888552,
      "rev_date": "2025-11-02T19:18:41Z",
      "scrape_date": "2025-11-05T16:32:06.863960Z",
      "stabilities": [
        "unstable"
      ],
      "unfree": false,
      "version": "0.8.23",
      "outputs_to_install": [
        "out"
      ],
      "outputs": {
        "out": "/nix/store/ymbshk79amchwmhvnh8xh5f1608a3p80-uv-0.8.23"
      },
      "system": "aarch64-linux",
      "group": "toplevel",
      "priority": 5
    },
    {
      "attr_path": "uv",
      "broken": false,
      "derivation": "/nix/store/sgkrry1qcip83fwplpa1v7i7alv809in-uv-0.8.23.drv",
      "description": "Extremely fast Python package installer and resolver, written in Rust",
      "install_id": "uv",
      "license": "[ Apache-2.0, MIT ]",
      "locked_url": "https://github.com/flox/nixpkgs?rev=b3d51a0365f6695e7dd5cdf3e180604530ed33b4",
      "name": "uv-0.8.23",
      "pname": "uv",
      "rev": "b3d51a0365f6695e7dd5cdf3e180604530ed33b4",
      "rev_count": 888552,
      "rev_date": "2025-11-02T19:18:41Z",
      "scrape_date": "2025-11-05T16:57:12.042584Z",
      "stabilities": [
        "unstable"
      ],
      "unfree": false,
      "version": "0.8.23",
      "outputs_to_install": [
        "out"
      ],
      "outputs": {
        "out": "/nix/store/lnl1zz7f97pqj6bqzqpglf0lhgcy5pk0-uv-0.8.23"
      },
      "system": "x86_64-darwin",
      "group": "toplevel",
      "priority": 5
    },
    {
      "attr_path": "uv",
      "broken": false,
      "derivation": "/nix/store/d4xl0ip2nr9diprwv6grvkwdh14ai4xd-uv-0.8.23.drv",
      "description": "Extremely fast Python package installer and resolver, written in Rust",
      "install_id": "uv",
      "license": "[ Apache-2.0, MIT ]",
      "locked_url": "https://github.com/flox/nixpkgs?rev=b3d51a0365f6695e7dd5cdf3e180604530ed33b4",
      "name": "uv-0.8.23",
      "pname": "uv",
      "rev": "b3d51a0365f6695e7dd5cdf3e180604530ed33b4",
      "rev_count": 888552,
      "rev_date": "2025-11-02T19:18:41Z",
      "scrape_date": "2025-11-05T17:24:14.572070Z",
      "stabilities": [
        "unstable"
      ],
      "unfree": false,
      "version": "0.8.23",
      "outputs_to_install": [
        "out"
      ],
      "outputs": {
        "out": "/nix/store/n6chrdybb91npp8gvf8mjk55smx4sn8s-uv-0.8.23"
      },
      "system": "x86_64-linux",
      "group": "toplevel",
      "priority": 5
    }
  ]
}
